Microsoft Visual Studio Solution File, Format Version 11.00
# Visual Studio 2013
Project("{F270269F-AFF0-41D3-EAA2-88F360055F2F}") = "testplugin", "testplugin.vcxproj", "{567F3E69-E708-9722-972D-A7ABBBA4D536}"
EndProject
Global
	GlobalSection(SolutionConfigurationPlatforms) = preSolution
		Debug|Win32 = Debug|Win32
		Release|Win32 = Release|Win32
	EndGlobalSection
	GlobalSection(ProjectConfigurationPlatforms) = postSolution
		{567F3E69-E708-9722-972D-A7ABBBA4D536}.Debug|Win32.ActiveCfg = Debug|Win32
		{567F3E69-E708-9722-972D-A7ABBBA4D536}.Debug|Win32.Build.0 = Debug|Win32
		{567F3E69-E708-9722-972D-A7ABBBA4D536}.Release|Win32.ActiveCfg = Release|Win32
		{567F3E69-E708-9722-972D-A7ABBBA4D536}.Release|Win32.Build.0 = Release|Win32
	EndGlobalSection
	GlobalSection(SolutionProperties) = preSolution
		HideSolutionNode = FALSE
	EndGlobalSection
EndGlobal
